
Microsoft Visual Studio Solution File, Format Version 12.00
# Visual Studio Version 16
VisualStudioVersion = 16.0.30717.126
MinimumVisualStudioVersion = 10.0.40219.1
Project("{FAE04EC0-301F-11D3-BF4B-00C04F79EFBC}") = "Slay the spire text game", "Slay the spire text game.csproj", "{D8C86CA4-27FB-4742-92F7-23032B455623}"
EndProject
Global
	GlobalSection(SolutionConfigurationPlatforms) = preSolution
		Debug|Any CPU = Debug|Any CPU
		Release|Any CPU = Release|Any CPU
	EndGlobalSection
	GlobalSection(ProjectConfigurationPlatforms) = postSolution
		{D8C86CA4-27FB-4742-92F7-23032B455623}.Debug|Any CPU.ActiveCfg = Debug|Any CPU
		{D8C86CA4-27FB-4742-92F7-23032B455623}.Debug|Any CPU.Build.0 = Debug|Any CPU
		{D8C86CA4-27FB-4742-92F7-23032B455623}.Release|Any CPU.ActiveCfg = Release|Any CPU
		{D8C86CA4-27FB-4742-92F7-23032B455623}.Release|Any CPU.Build.0 = Release|Any CPU
	EndGlobalSection
	GlobalSection(SolutionProperties) = preSolution
		HideSolutionNode = FALSE
	EndGlobalSection
	GlobalSection(ExtensibilityGlobals) = postSolution
		SolutionGuid = {E1C02256-F332-4BEA-A9AD-296AE1CD2630}
	EndGlobalSection
EndGlobal
